
Microsoft Visual Studio Solution File, Format Version 12.00
# Visual Studio Version 16
VisualStudioVersion = 16.0.30611.23
MinimumVisualStudioVersion = 10.0.40219.1
Project("{FAE04EC0-301F-11D3-BF4B-00C04F79EFBC}") = "WorkManager", "WorkManager\WorkManager.csproj", "{F1064C42-7815-4D7B-89CC-BE5A41F208A9}"
EndProject
Global
	GlobalSection(SolutionConfigurationPlatforms) = preSolution
		Debug|Any CPU = Debug|Any CPU
		Release|Any CPU = Release|Any CPU
	EndGlobalSection
	GlobalSection(ProjectConfigurationPlatforms) = postSolution
		{F1064C42-7815-4D7B-89CC-BE5A41F208A9}.Debug|Any CPU.ActiveCfg = Debug|Any CPU
		{F1064C42-7815-4D7B-89CC-BE5A41F208A9}.Debug|Any CPU.Build.0 = Debug|Any CPU
		{F1064C42-7815-4D7B-89CC-BE5A41F208A9}.Release|Any CPU.ActiveCfg = Release|Any CPU
		{F1064C42-7815-4D7B-89CC-BE5A41F208A9}.Release|Any CPU.Build.0 = Release|Any CPU
	EndGlobalSection
	GlobalSection(SolutionProperties) = preSolution
		HideSolutionNode = FALSE
	EndGlobalSection
	GlobalSection(ExtensibilityGlobals) = postSolution
		SolutionGuid = {202FB628-A5B0-417C-8E77-318A4BE63A4E}
	EndGlobalSection
EndGlobal
